
Microsoft Visual Studio Solution File, Format Version 12.00
# Visual Studio 15
VisualStudioVersion = 15.0.28307.645
MinimumVisualStudioVersion = 10.0.40219.1
Project("{9A19103F-16F7-4668-BE54-9A1E7A4F7556}") = "ProtobufDeserializer", "src\ProtobufDeserializer\ProtobufDeserializer.csproj", "{2124DE2D-507F-4AD5-84CB-44F04463D31B}"
EndProject
Project("{9A19103F-16F7-4668-BE54-9A1E7A4F7556}") = "ProtobufDeserializer.Tests", "tests\ProtobufDeserializer.Tests\ProtobufDeserializer.Tests.csproj", "{C9681A7D-F561-4493-905B-CEEC8B76D433}"
EndProject
Project("{2150E333-8FDC-42A3-9474-1A3956D46DE8}") = "Solution Items", "Solution Items", "{CD56B385-8B6C-44CB-97F5-3B8E9FF7A354}"
	ProjectSection(SolutionItems) = preProject
		README.md = README.md
	EndProjectSection
EndProject
Project("{9A19103F-16F7-4668-BE54-9A1E7A4F7556}") = "ProtobufDeserializer.Example", "src\ProtobufDeserializer.Example\ProtobufDeserializer.Example.csproj", "{E8C39A4F-BA99-4015-9C2B-7B7713ED87AD}"
EndProject
Project("{FAE04EC0-301F-11D3-BF4B-00C04F79EFBC}") = "ProtobufDeserializer.DynamicTypes", "src\ProtobufDeserializer.DynamicTypes\ProtobufDeserializer.DynamicTypes.csproj", "{03E0AF17-4F23-4303-84AE-C33D05FFC40F}"
EndProject
Global
	GlobalSection(SolutionConfigurationPlatforms) = preSolution
		Debug|Any CPU = Debug|Any CPU
		Release|Any CPU = Release|Any CPU
	EndGlobalSection
	GlobalSection(ProjectConfigurationPlatforms) = postSolution
		{2124DE2D-507F-4AD5-84CB-44F04463D31B}.Debug|Any CPU.ActiveCfg = Debug|Any CPU
		{2124DE2D-507F-4AD5-84CB-44F04463D31B}.Debug|Any CPU.Build.0 = Debug|Any CPU
		{2124DE2D-507F-4AD5-84CB-44F04463D31B}.Release|Any CPU.ActiveCfg = Release|Any CPU
		{2124DE2D-507F-4AD5-84CB-44F04463D31B}.Release|Any CPU.Build.0 = Release|Any CPU
		{C9681A7D-F561-4493-905B-CEEC8B76D433}.Debug|Any CPU.ActiveCfg = Debug|Any CPU
		{C9681A7D-F561-4493-905B-CEEC8B76D433}.Debug|Any CPU.Build.0 = Debug|Any CPU
		{C9681A7D-F561-4493-905B-CEEC8B76D433}.Release|Any CPU.ActiveCfg = Release|Any CPU
		{C9681A7D-F561-4493-905B-CEEC8B76D433}.Release|Any CPU.Build.0 = Release|Any CPU
		{E8C39A4F-BA99-4015-9C2B-7B7713ED87AD}.Debug|Any CPU.ActiveCfg = Debug|Any CPU
		{E8C39A4F-BA99-4015-9C2B-7B7713ED87AD}.Debug|Any CPU.Build.0 = Debug|Any CPU
		{E8C39A4F-BA99-4015-9C2B-7B7713ED87AD}.Release|Any CPU.ActiveCfg = Release|Any CPU
		{E8C39A4F-BA99-4015-9C2B-7B7713ED87AD}.Release|Any CPU.Build.0 = Release|Any CPU
		{03E0AF17-4F23-4303-84AE-C33D05FFC40F}.Debug|Any CPU.ActiveCfg = Debug|Any CPU
		{03E0AF17-4F23-4303-84AE-C33D05FFC40F}.Debug|Any CPU.Build.0 = Debug|Any CPU
		{03E0AF17-4F23-4303-84AE-C33D05FFC40F}.Release|Any CPU.ActiveCfg = Release|Any CPU
		{03E0AF17-4F23-4303-84AE-C33D05FFC40F}.Release|Any CPU.Build.0 = Release|Any CPU
	EndGlobalSection
	GlobalSection(SolutionProperties) = preSolution
		HideSolutionNode = FALSE
	EndGlobalSection
	GlobalSection(ExtensibilityGlobals) = postSolution
		SolutionGuid = {01F6AA18-70DC-4F98-9D89-8E6F1D80C9D6}
	EndGlobalSection
EndGlobal
